// !$*UTF8*$!
{
	archiveVersion = 1;
	classes = {
	};
	objectVersion = 50;
	objects = {

/* Begin PBXBuildFile section */
		332CFE3C2658203500B3021A /* SettingModel.swift in Sources */ = {isa = PBXBuildFile; fileRef = 332CFE3B2658203500B3021A /* SettingModel.swift */; };
		333C3BAF26570DFB008DD18C /* AppDelegate.swift in Sources */ = {isa = PBXBuildFile; fileRef = 333C3BAE26570DFB008DD18C /* AppDelegate.swift */; };
		333C3BB126570DFB008DD18C /* SceneDelegate.swift in Sources */ = {isa = PBXBuildFile; fileRef = 333C3BB026570DFB008DD18C /* SceneDelegate.swift */; };
		333C3BB326570DFB008DD18C /* ViewController.swift in Sources */ = {isa = PBXBuildFile; fileRef = 333C3BB226570DFB008DD18C /* ViewController.swift */; };
		333C3BB626570DFB008DD18C /* Main.storyboard in Resources */ = {isa = PBXBuildFile; fileRef = 333C3BB426570DFB008DD18C /* Main.storyboard */; };
		333C3BB826570DFD008DD18C /* Assets.xcassets in Resources */ = {isa = PBXBuildFile; fileRef = 333C3BB726570DFD008DD18C /* Assets.xcassets */; };
		333C3BBB26570DFD008DD18C /* LaunchScreen.storyboard in Resources */ = {isa = PBXBuildFile; fileRef = 333C3BB926570DFD008DD18C /* LaunchScreen.storyboard */; };
/* End PBXBuildFile section */

/* Begin PBXFileReference section */
		332CFE3B2658203500B3021A /* SettingModel.swift */ = {isa = PBXFileReference; lastKnownFileType = sourcecode.swift; path = SettingModel.swift; sourceTree = "<group>"; };
		333C3BAB26570DFB008DD18C /* UserDefults.app */ = {isa = PBXFileReference; explicitFileType = wrapper.application; includeInIndex = 0; path = UserDefults.app; sourceTree = BUILT_PRODUCTS_DIR; };
		333C3BAE26570DFB008DD18C /* AppDelegate.swift */ = {isa = PBXFileReference; lastKnownFileType = sourcecode.swift; path = AppDelegate.swift; sourceTree = "<group>"; };
		333C3BB026570DFB008DD18C /* SceneDelegate.swift */ = {isa = PBXFileReference; lastKnownFileType = sourcecode.swift; path = SceneDelegate.swift; sourceTree = "<group>"; };
		333C3BB226570DFB008DD18C /* ViewController.swift */ = {isa = PBXFileReference; lastKnownFileType = sourcecode.swift; path = ViewController.swift; sourceTree = "<group>"; };
		333C3BB526570DFB008DD18C /* Base */ = {isa = PBXFileReference; lastKnownFileType = file.storyboard; name = Base; path = Base.lproj/Main.storyboard; sourceTree = "<group>"; };
		333C3BB726570DFD008DD18C /* Assets.xcassets */ = {isa = PBXFileReference; lastKnownFileType = folder.assetcatalog; path = Assets.xcassets; sourceTree = "<group>"; };
		333C3BBA26570DFD008DD18C /* Base */ = {isa = PBXFileReference; lastKnownFileType = file.storyboard; name = Base; path = Base.lproj/LaunchScreen.storyboard; sourceTree = "<group>"; };
		333C3BBC26570DFD008DD18C /* Info.plist */ = {isa = PBXFileReference; lastKnownFileType = text.plist.xml; path = Info.plist; sourceTree = "<group>"; };
/* End PBXFileReference section */

/* Begin PBXFrameworksBuildPhase section */
		333C3BA826570DFB008DD18C /* Frameworks */ = {
			isa = PBXFrameworksBuildPhase;
			buildActionMask = 2147483647;
			files = (
			);
			runOnlyForDeploymentPostprocessing = 0;
		};
/* End PBXFrameworksBuildPhase section */

/* Begin PBXGroup section */
		333C3BA226570DFB008DD18C = {
			isa = PBXGroup;
			children = (
				333C3BAD26570DFB008DD18C /* UserDefults */,
				333C3BAC26570DFB008DD18C /* Products */,
			);
			sourceTree = "<group>";
		};
		333C3BAC26570DFB008DD18C /* Products */ = {
			isa = PBXGroup;
			children = (
				333C3BAB26570DFB008DD18C /* UserDefults.app */,
			);
			name = Products;
			sourceTree = "<group>";
		};
		333C3BAD26570DFB008DD18C /* UserDefults */ = {
			isa = PBXGroup;
			children = (
				333C3BAE26570DFB008DD18C /* AppDelegate.swift */,
				333C3BB026570DFB008DD18C /* SceneDelegate.swift */,
				333C3BB226570DFB008DD18C /* ViewController.swift */,
				332CFE3B2658203500B3021A /* SettingModel.swift */,
				333C3BB426570DFB008DD18C /* Main.storyboard */,
				333C3BB726570DFD008DD18C /* Assets.xcassets */,
				333C3BB926570DFD008DD18C /* LaunchScreen.storyboard */,
				333C3BBC26570DFD008DD18C /* Info.plist */,
			);
			path = UserDefults;
			sourceTree = "<group>";
		};
/* End PBXGroup section */

/* Begin PBXNativeTarget section */
		333C3BAA26570DFB008DD18C /* UserDefults */ = {
			isa = PBXNativeTarget;
			buildConfigurationList = 333C3BBF26570DFD008DD18C /* Build configuration list for PBXNativeTarget "UserDefults" */;
			buildPhases = (
				333C3BA726570DFB008DD18C /* Sources */,
				333C3BA826570DFB008DD18C /* Frameworks */,
				333C3BA926570DFB008DD18C /* Resources */,
			);
			buildRules = (
			);
			dependencies = (
			);
			name = UserDefults;
			productName = UserDefults;
			productReference = 333C3BAB26570DFB008DD18C /* UserDefults.app */;
			productType = "com.apple.product-type.application";
		};
/* End PBXNativeTarget section */

/* Begin PBXProject section */
		333C3BA326570DFB008DD18C /* Project object */ = {
			isa = PBXProject;
			attributes = {
				LastSwiftUpdateCheck = 1240;
				LastUpgradeCheck = 1240;
				TargetAttributes = {
					333C3BAA26570DFB008DD18C = {
						CreatedOnToolsVersion = 12.4;
					};
				};
			};
			buildConfigurationList = 333C3BA626570DFB008DD18C /* Build configuration list for PBXProject "UserDefults" */;
			compatibilityVersion = "Xcode 9.3";
			developmentRegion = en;
			hasScannedForEncodings = 0;
			knownRegions = (
				en,
				Base,
			);
			mainGroup = 333C3BA226570DFB008DD18C;
			productRefGroup = 333C3BAC26570DFB008DD18C /* Products */;
			projectDirPath = "";
			projectRoot = "";
			targets = (
				333C3BAA26570DFB008DD18C /* UserDefults */,
			);
		};
/* End PBXProject section */

/* Begin PBXResourcesBuildPhase section */
		333C3BA926570DFB008DD18C /* Resources */ = {
			isa = PBXResourcesBuildPhase;
			buildActionMask = 2147483647;
			files = (
				333C3BBB26570DFD008DD18C /* LaunchScreen.storyboard in Resources */,
				333C3BB826570DFD008DD18C /* Assets.xcassets in Resources */,
				333C3BB626570DFB008DD18C /* Main.storyboard in Resources */,
			);
			runOnlyForDeploymentPostprocessing = 0;
		};
/* End PBXResourcesBuildPhase section */

/* Begin PBXSourcesBuildPhase section */
		333C3BA726570DFB008DD18C /* Sources */ = {
			isa = PBXSourcesBuildPhase;
			buildActionMask = 2147483647;
			files = (
				333C3BB326570DFB008DD18C /* ViewController.swift in Sources */,
				333C3BAF26570DFB008DD18C /* AppDelegate.swift in Sources */,
				332CFE3C2658203500B3021A /* SettingModel.swift in Sources */,
				333C3BB126570DFB008DD18C /* SceneDelegate.swift in Sources */,
			);
			runOnlyForDeploymentPostprocessing = 0;
		};
/* End PBXSourcesBuildPhase section */

/* Begin PBXVariantGroup section */
		333C3BB426570DFB008DD18C /* Main.storyboard */ = {
			isa = PBXVariantGroup;
			children = (
				333C3BB526570DFB008DD18C /* Base */,
			);
			name = Main.storyboard;
			sourceTree = "<group>";
		};
		333C3BB926570DFD008DD18C /* LaunchScreen.storyboard */ = {
			isa = PBXVariantGroup;
			children = (
				333C3BBA26570DFD008DD18C /* Base */,
			);
			name = LaunchScreen.storyboard;
			sourceTree = "<group>";
		};
/* End PBXVariantGroup section */

/* Begin XCBuildConfiguration section */
		333C3BBD26570DFD008DD18C /* Debug */ = {
			isa = XCBuildConfiguration;
			buildSettings = {
				ALWAYS_SEARCH_USER_PATHS = NO;
				CLANG_ANALYZER_NONNULL = YES;
				CLANG_ANALYZER_NUMBER_OBJECT_CONVERSION = YES_AGGRESSIVE;
				CLANG_CXX_LANGUAGE_STANDARD = "gnu++14";
				CLANG_CXX_LIBRARY = "libc++";
				CLANG_ENABLE_MODULES = YES;
				CLANG_ENABLE_OBJC_ARC = YES;
				CLANG_ENABLE_OBJC_WEAK = YES;
				CLANG_WARN_BLOCK_CAPTURE_AUTORELEASING = YES;
				CLANG_WARN_BOOL_CONVERSION = YES;
				CLANG_WARN_COMMA = YES;
				CLANG_WARN_CONSTANT_CONVERSION = YES;
				CLANG_WARN_DEPRECATED_OBJC_IMPLEMENTATIONS = YES;
				CLANG_WARN_DIRECT_OBJC_ISA_USAGE = YES_ERROR;
				CLANG_WARN_DOCUMENTATION_COMMENTS = YES;
				CLANG_WARN_EMPTY_BODY = YES;
				CLANG_WARN_ENUM_CONVERSION = YES;
				CLANG_WARN_INFINITE_RECURSION = YES;
				CLANG_WARN_INT_CONVERSION = YES;
				CLANG_WARN_NON_LITERAL_NULL_CONVERSION = YES;
				CLANG_WARN_OBJC_IMPLICIT_RETAIN_SELF = YES;
				CLANG_WARN_OBJC_LITERAL_CONVERSION = YES;
				CLANG_WARN_OBJC_ROOT_CLASS = YES_ERROR;
				CLANG_WARN_QUOTED_INCLUDE_IN_FRAMEWORK_HEADER = YES;
				CLANG_WARN_RANGE_LOOP_ANALYSIS = YES;
				CLANG_WARN_STRICT_PROTOTYPES = YES;
				CLANG_WARN_SUSPICIOUS_MOVE = YES;
				CLANG_WARN_UNGUARDED_AVAILABILITY = YES_AGGRESSIVE;
				CLANG_WARN_UNREACHABLE_CODE = YES;
				CLANG_WARN__DUPLICATE_METHOD_MATCH = YES;
				COPY_PHASE_STRIP = NO;
				DEBUG_INFORMATION_FORMAT = dwarf;
				ENABLE_STRICT_OBJC_MSGSEND = YES;
				ENABLE_TESTABILITY = YES;
				GCC_C_LANGUAGE_STANDARD = gnu11;
				GCC_DYNAMIC_NO_PIC = NO;
				GCC_NO_COMMON_BLOCKS = YES;
				GCC_OPTIMIZATION_LEVEL = 0;
				GCC_PREPROCESSOR_DEFINITIONS = (
					"DEBUG=1",
					"$(inherited)",
				);
				GCC_WARN_64_TO_32_BIT_CONVERSION = YES;
				GCC_WARN_ABOUT_RETURN_TYPE = YES_ERROR;
				GCC_WARN_UNDECLARED_SELECTOR = YES;
				GCC_WARN_UNINITIALIZED_AUTOS = YES_AGGRESSIVE;
				GCC_WARN_UNUSED_FUNCTION = YES;
				GCC_WARN_UNUSED_VARIABLE = YES;
				IPHONEOS_DEPLOYMENT_TARGET = 14.4;
				MTL_ENABLE_DEBUG_INFO = INCLUDE_SOURCE;
				MTL_FAST_MATH = YES;
				ONLY_ACTIVE_ARCH = YES;
				SDKROOT = iphoneos;
				SWIFT_ACTIVE_COMPILATION_CONDITIONS = DEBUG;
				SWIFT_OPTIMIZATION_LEVEL = "-Onone";
			};
			name = Debug;
		};
		333C3BBE26570DFD008DD18C /* Release */ = {
			isa = XCBuildConfiguration;
			buildSettings = {
				ALWAYS_SEARCH_USER_PATHS = NO;
				CLANG_ANALYZER_NONNULL = YES;
				CLANG_ANALYZER_NUMBER_OBJECT_CONVERSION = YES_AGGRESSIVE;
				CLANG_CXX_LANGUAGE_STANDARD = "gnu++14";
				CLANG_CXX_LIBRARY = "libc++";
				CLANG_ENABLE_MODULES = YES;
				CLANG_ENABLE_OBJC_ARC = YES;
				CLANG_ENABLE_OBJC_WEAK = YES;
				CLANG_WARN_BLOCK_CAPTURE_AUTORELEASING = YES;
				CLANG_WARN_BOOL_CONVERSION = YES;
				CLANG_WARN_COMMA = YES;
				CLANG_WARN_CONSTANT_CONVERSION = YES;
				CLANG_WARN_DEPRECATED_OBJC_IMPLEMENTATIONS = YES;
				CLANG_WARN_DIRECT_OBJC_ISA_USAGE = YES_ERROR;
				CLANG_WARN_DOCUMENTATION_COMMENTS = YES;
				CLANG_WARN_EMPTY_BODY = YES;
				CLANG_WARN_ENUM_CONVERSION = YES;
				CLANG_WARN_INFINITE_RECURSION = YES;
				CLANG_WARN_INT_CONVERSION = YES;
				CLANG_WARN_NON_LITERAL_NULL_CONVERSION = YES;
				CLANG_WARN_OBJC_IMPLICIT_RETAIN_SELF = YES;
				CLANG_WARN_OBJC_LITERAL_CONVERSION = YES;
				CLANG_WARN_OBJC_ROOT_CLASS = YES_ERROR;
				CLANG_WARN_QUOTED_INCLUDE_IN_FRAMEWORK_HEADER = YES;
				CLANG_WARN_RANGE_LOOP_ANALYSIS = YES;
				CLANG_WARN_STRICT_PROTOTYPES = YES;
				CLANG_WARN_SUSPICIOUS_MOVE = YES;
				CLANG_WARN_UNGUARDED_AVAILABILITY = YES_AGGRESSIVE;
				CLANG_WARN_UNREACHABLE_CODE = YES;
				CLANG_WARN__DUPLICATE_METHOD_MATCH = YES;
				COPY_PHASE_STRIP = NO;
				DEBUG_INFORMATION_FORMAT = "dwarf-with-dsym";
				ENABLE_NS_ASSERTIONS = NO;
				ENABLE_STRICT_OBJC_MSGSEND = YES;
				GCC_C_LANGUAGE_STANDARD = gnu11;
				GCC_NO_COMMON_BLOCKS = YES;
				GCC_WARN_64_TO_32_BIT_CONVERSION = YES;
				GCC_WARN_ABOUT_RETURN_TYPE = YES_ERROR;
				GCC_WARN_UNDECLARED_SELECTOR = YES;
				GCC_WARN_UNINITIALIZED_AUTOS = YES_AGGRESSIVE;
				GCC_WARN_UNUSED_FUNCTION = YES;
				GCC_WARN_UNUSED_VARIABLE = YES;
				IPHONEOS_DEPLOYMENT_TARGET = 14.4;
				MTL_ENABLE_DEBUG_INFO = NO;
				MTL_FAST_MATH = YES;
				SDKROOT = iphoneos;
				SWIFT_COMPILATION_MODE = wholemodule;
				SWIFT_OPTIMIZATION_LEVEL = "-O";
				VALIDATE_PRODUCT = YES;
			};
			name = Release;
		};
		333C3BC026570DFD008DD18C /* Debug */ = {
			isa = XCBuildConfiguration;
			buildSettings = {
				ASSETCATALOG_COMPILER_APPICON_NAME = AppIcon;
				ASSETCATALOG_COMPILER_GLOBAL_ACCENT_COLOR_NAME = AccentColor;
				CODE_SIGN_STYLE = Automatic;
				INFOPLIST_FILE = UserDefults/Info.plist;
				LD_RUNPATH_SEARCH_PATHS = (
					"$(inherited)",
					"@executable_path/Frameworks",
				);
				PRODUCT_BUNDLE_IDENTIFIER = Chistyakov.UserDefults;
				PRODUCT_NAME = "$(TARGET_NAME)";
				SWIFT_VERSION = 5.0;
				TARGETED_DEVICE_FAMILY = "1,2";
			};
			name = Debug;
		};
		333C3BC126570DFD008DD18C /* Release */ = {
			isa = XCBuildConfiguration;
			buildSettings = {
				ASSETCATALOG_COMPILER_APPICON_NAME = AppIcon;
				ASSETCATALOG_COMPILER_GLOBAL_ACCENT_COLOR_NAME = AccentColor;
				CODE_SIGN_STYLE = Automatic;
				INFOPLIST_FILE = UserDefults/Info.plist;
				LD_RUNPATH_SEARCH_PATHS = (
					"$(inherited)",
					"@executable_path/Frameworks",
				);
				PRODUCT_BUNDLE_IDENTIFIER = Chistyakov.UserDefults;
				PRODUCT_NAME = "$(TARGET_NAME)";
				SWIFT_VERSION = 5.0;
				TARGETED_DEVICE_FAMILY = "1,2";
			};
			name = Release;
		};
/* End XCBuildConfiguration section */

/* Begin XCConfigurationList section */
		333C3BA626570DFB008DD18C /* Build configuration list for PBXProject "UserDefults" */ = {
			isa = XCConfigurationList;
			buildConfigurations = (
				333C3BBD26570DFD008DD18C /* Debug */,
				333C3BBE26570DFD008DD18C /* Release */,
			);
			defaultConfigurationIsVisible = 0;
			defaultConfigurationName = Release;
		};
		333C3BBF26570DFD008DD18C /* Build configuration list for PBXNativeTarget "UserDefults" */ = {
			isa = XCConfigurationList;
			buildConfigurations = (
				333C3BC026570DFD008DD18C /* Debug */,
				333C3BC126570DFD008DD18C /* Release */,
			);
			defaultConfigurationIsVisible = 0;
			defaultConfigurationName = Release;
		};
/* End XCConfigurationList section */
	};
	rootObject = 333C3BA326570DFB008DD18C /* Project object */;
}
